
Microsoft Visual Studio Solution File, Format Version 12.00
# Visual Studio 15
Project("{FAE04EC0-301F-11D3-BF4B-00C04F79EFBC}") = "First3DGameUnity", "Assembly-CSharp.csproj", "{CA4EDCF3-516A-92E1-360B-4CF6D7702E65}"
EndProject
Project("{FAE04EC0-301F-11D3-BF4B-00C04F79EFBC}") = "First3DGameUnity", "Assembly-CSharp-firstpass.csproj", "{EF32527C-2C5E-71DD-AE11-1F9F510ABD6D}"
EndProject
Project("{FAE04EC0-301F-11D3-BF4B-00C04F79EFBC}") = "First3DGameUnity", "Assembly-CSharp-Editor-firstpass.csproj", "{764D7AC3-3AD1-B23D-C6A2-60CDFCA9D8FE}"
EndProject
Global
	GlobalSection(SolutionConfigurationPlatforms) = preSolution
		Debug|Any CPU = Debug|Any CPU
		Release|Any CPU = Release|Any CPU
	EndGlobalSection
	GlobalSection(ProjectConfigurationPlatforms) = postSolution
		{CA4EDCF3-516A-92E1-360B-4CF6D7702E65}.Debug|Any CPU.ActiveCfg = Debug|Any CPU
		{CA4EDCF3-516A-92E1-360B-4CF6D7702E65}.Debug|Any CPU.Build.0 = Debug|Any CPU
		{CA4EDCF3-516A-92E1-360B-4CF6D7702E65}.Release|Any CPU.ActiveCfg = Release|Any CPU
		{CA4EDCF3-516A-92E1-360B-4CF6D7702E65}.Release|Any CPU.Build.0 = Release|Any CPU
		{EF32527C-2C5E-71DD-AE11-1F9F510ABD6D}.Debug|Any CPU.ActiveCfg = Debug|Any CPU
		{EF32527C-2C5E-71DD-AE11-1F9F510ABD6D}.Debug|Any CPU.Build.0 = Debug|Any CPU
		{EF32527C-2C5E-71DD-AE11-1F9F510ABD6D}.Release|Any CPU.ActiveCfg = Release|Any CPU
		{EF32527C-2C5E-71DD-AE11-1F9F510ABD6D}.Release|Any CPU.Build.0 = Release|Any CPU
		{764D7AC3-3AD1-B23D-C6A2-60CDFCA9D8FE}.Debug|Any CPU.ActiveCfg = Debug|Any CPU
		{764D7AC3-3AD1-B23D-C6A2-60CDFCA9D8FE}.Debug|Any CPU.Build.0 = Debug|Any CPU
		{764D7AC3-3AD1-B23D-C6A2-60CDFCA9D8FE}.Release|Any CPU.ActiveCfg = Release|Any CPU
		{764D7AC3-3AD1-B23D-C6A2-60CDFCA9D8FE}.Release|Any CPU.Build.0 = Release|Any CPU
	EndGlobalSection
	GlobalSection(SolutionProperties) = preSolution
		HideSolutionNode = FALSE
	EndGlobalSection
EndGlobal
